// !$*UTF8*$!
{
	archiveVersion = 1;
	classes = {
	};
	objectVersion = 50;
	objects = {

/* Begin PBXBuildFile section */
		8412C99221B6FC2700E3C8A3 /* Chest.swift in Sources */ = {isa = PBXBuildFile; fileRef = 8412C99121B6FC2700E3C8A3 /* Chest.swift */; };
		8412C99421B700A900E3C8A3 /* BasicSword.swift in Sources */ = {isa = PBXBuildFile; fileRef = 8412C99321B700A900E3C8A3 /* BasicSword.swift */; };
		842D292F21A056A900A2B4CD /* Player.swift in Sources */ = {isa = PBXBuildFile; fileRef = 842D292E21A056A900A2B4CD /* Player.swift */; };
		843DAB90219AA97C0019F5F0 /* Warrior.swift in Sources */ = {isa = PBXBuildFile; fileRef = 843DAB8F219AA97C0019F5F0 /* Warrior.swift */; };
		843DAB94219AA9B80019F5F0 /* Tank.swift in Sources */ = {isa = PBXBuildFile; fileRef = 843DAB93219AA9B80019F5F0 /* Tank.swift */; };
		843DAB96219AA9CB0019F5F0 /* Dwarf.swift in Sources */ = {isa = PBXBuildFile; fileRef = 843DAB95219AA9CB0019F5F0 /* Dwarf.swift */; };
		843DAB98219AA9E20019F5F0 /* NameManager.swift in Sources */ = {isa = PBXBuildFile; fileRef = 843DAB97219AA9E20019F5F0 /* NameManager.swift */; };
		843DAB9A219AAA870019F5F0 /* Mage.swift in Sources */ = {isa = PBXBuildFile; fileRef = 843DAB99219AAA870019F5F0 /* Mage.swift */; };
		843DAB9C219AAAC80019F5F0 /* Character.swift in Sources */ = {isa = PBXBuildFile; fileRef = 843DAB9B219AAAC80019F5F0 /* Character.swift */; };
		846B262721BF728A0012B3F5 /* BasicCrystalBall.swift in Sources */ = {isa = PBXBuildFile; fileRef = 846B262621BF728A0012B3F5 /* BasicCrystalBall.swift */; };
		846B262921BF736D0012B3F5 /* BasicShield.swift in Sources */ = {isa = PBXBuildFile; fileRef = 846B262821BF736D0012B3F5 /* BasicShield.swift */; };
		846B262B21BF73B70012B3F5 /* BasicHammer.swift in Sources */ = {isa = PBXBuildFile; fileRef = 846B262A21BF73B70012B3F5 /* BasicHammer.swift */; };
		846B262D21C9374C0012B3F5 /* Greatsword.swift in Sources */ = {isa = PBXBuildFile; fileRef = 846B262C21C9374C0012B3F5 /* Greatsword.swift */; };
		846B262F21C9381A0012B3F5 /* SuperSword.swift in Sources */ = {isa = PBXBuildFile; fileRef = 846B262E21C9381A0012B3F5 /* SuperSword.swift */; };
		846B263121C938840012B3F5 /* GreatCrystalBall.swift in Sources */ = {isa = PBXBuildFile; fileRef = 846B263021C938840012B3F5 /* GreatCrystalBall.swift */; };
		846B263321C938B60012B3F5 /* SuperCrystalBall.swift in Sources */ = {isa = PBXBuildFile; fileRef = 846B263221C938B60012B3F5 /* SuperCrystalBall.swift */; };
		846B263521C939230012B3F5 /* GreatShield.swift in Sources */ = {isa = PBXBuildFile; fileRef = 846B263421C939230012B3F5 /* GreatShield.swift */; };
		846B263721C9394E0012B3F5 /* SuperShield.swift in Sources */ = {isa = PBXBuildFile; fileRef = 846B263621C9394E0012B3F5 /* SuperShield.swift */; };
		846B263921C939C30012B3F5 /* GreatHammer.swift in Sources */ = {isa = PBXBuildFile; fileRef = 846B263821C939C30012B3F5 /* GreatHammer.swift */; };
		846B263B21C939FA0012B3F5 /* SuperHammer.swift in Sources */ = {isa = PBXBuildFile; fileRef = 846B263A21C939FA0012B3F5 /* SuperHammer.swift */; };
		846B263D21C93AD40012B3F5 /* MagicWand.swift in Sources */ = {isa = PBXBuildFile; fileRef = 846B263C21C93AD40012B3F5 /* MagicWand.swift */; };
		846B263F21C94A060012B3F5 /* MagicGlove.swift in Sources */ = {isa = PBXBuildFile; fileRef = 846B263E21C94A060012B3F5 /* MagicGlove.swift */; };
		847CDC01218BE74900686767 /* main.swift in Sources */ = {isa = PBXBuildFile; fileRef = 847CDC00218BE74900686767 /* main.swift */; };
		84EA5A4C219AED8F002474B1 /* Weapons.swift in Sources */ = {isa = PBXBuildFile; fileRef = 84EA5A4B219AED8F002474B1 /* Weapons.swift */; };
		84EA5A50219B45DB002474B1 /* Game.swift in Sources */ = {isa = PBXBuildFile; fileRef = 84EA5A4F219B45DB002474B1 /* Game.swift */; };
/* End PBXBuildFile section */

/* Begin PBXCopyFilesBuildPhase section */
		847CDBFB218BE74900686767 /* CopyFiles */ = {
			isa = PBXCopyFilesBuildPhase;
			buildActionMask = 2147483647;
			dstPath = /usr/share/man/man1/;
			dstSubfolderSpec = 0;
			files = (
			);
			runOnlyForDeploymentPostprocessing = 1;
		};
/* End PBXCopyFilesBuildPhase section */

/* Begin PBXFileReference section */
		8412C99121B6FC2700E3C8A3 /* Chest.swift */ = {isa = PBXFileReference; lastKnownFileType = sourcecode.swift; path = Chest.swift; sourceTree = "<group>"; };
		8412C99321B700A900E3C8A3 /* BasicSword.swift */ = {isa = PBXFileReference; lastKnownFileType = sourcecode.swift; path = BasicSword.swift; sourceTree = "<group>"; };
		842D292E21A056A900A2B4CD /* Player.swift */ = {isa = PBXFileReference; lastKnownFileType = sourcecode.swift; path = Player.swift; sourceTree = "<group>"; };
		843DAB8F219AA97C0019F5F0 /* Warrior.swift */ = {isa = PBXFileReference; lastKnownFileType = sourcecode.swift; path = Warrior.swift; sourceTree = "<group>"; };
		843DAB93219AA9B80019F5F0 /* Tank.swift */ = {isa = PBXFileReference; lastKnownFileType = sourcecode.swift; path = Tank.swift; sourceTree = "<group>"; };
		843DAB95219AA9CB0019F5F0 /* Dwarf.swift */ = {isa = PBXFileReference; lastKnownFileType = sourcecode.swift; path = Dwarf.swift; sourceTree = "<group>"; };
		843DAB97219AA9E20019F5F0 /* NameManager.swift */ = {isa = PBXFileReference; lastKnownFileType = sourcecode.swift; path = NameManager.swift; sourceTree = "<group>"; };
		843DAB99219AAA870019F5F0 /* Mage.swift */ = {isa = PBXFileReference; lastKnownFileType = sourcecode.swift; path = Mage.swift; sourceTree = "<group>"; };
		843DAB9B219AAAC80019F5F0 /* Character.swift */ = {isa = PBXFileReference; lastKnownFileType = sourcecode.swift; path = Character.swift; sourceTree = "<group>"; };
		846B262621BF728A0012B3F5 /* BasicCrystalBall.swift */ = {isa = PBXFileReference; lastKnownFileType = sourcecode.swift; path = BasicCrystalBall.swift; sourceTree = "<group>"; };
		846B262821BF736D0012B3F5 /* BasicShield.swift */ = {isa = PBXFileReference; lastKnownFileType = sourcecode.swift; path = BasicShield.swift; sourceTree = "<group>"; };
		846B262A21BF73B70012B3F5 /* BasicHammer.swift */ = {isa = PBXFileReference; lastKnownFileType = sourcecode.swift; path = BasicHammer.swift; sourceTree = "<group>"; };
		846B262C21C9374C0012B3F5 /* Greatsword.swift */ = {isa = PBXFileReference; lastKnownFileType = sourcecode.swift; path = Greatsword.swift; sourceTree = "<group>"; };
		846B262E21C9381A0012B3F5 /* SuperSword.swift */ = {isa = PBXFileReference; lastKnownFileType = sourcecode.swift; path = SuperSword.swift; sourceTree = "<group>"; };
		846B263021C938840012B3F5 /* GreatCrystalBall.swift */ = {isa = PBXFileReference; lastKnownFileType = sourcecode.swift; path = GreatCrystalBall.swift; sourceTree = "<group>"; };
		846B263221C938B60012B3F5 /* SuperCrystalBall.swift */ = {isa = PBXFileReference; lastKnownFileType = sourcecode.swift; path = SuperCrystalBall.swift; sourceTree = "<group>"; };
		846B263421C939230012B3F5 /* GreatShield.swift */ = {isa = PBXFileReference; lastKnownFileType = sourcecode.swift; path = GreatShield.swift; sourceTree = "<group>"; };
		846B263621C9394E0012B3F5 /* SuperShield.swift */ = {isa = PBXFileReference; lastKnownFileType = sourcecode.swift; path = SuperShield.swift; sourceTree = "<group>"; };
		846B263821C939C30012B3F5 /* GreatHammer.swift */ = {isa = PBXFileReference; lastKnownFileType = sourcecode.swift; path = GreatHammer.swift; sourceTree = "<group>"; };
		846B263A21C939FA0012B3F5 /* SuperHammer.swift */ = {isa = PBXFileReference; lastKnownFileType = sourcecode.swift; path = SuperHammer.swift; sourceTree = "<group>"; };
		846B263C21C93AD40012B3F5 /* MagicWand.swift */ = {isa = PBXFileReference; lastKnownFileType = sourcecode.swift; path = MagicWand.swift; sourceTree = "<group>"; };
		846B263E21C94A060012B3F5 /* MagicGlove.swift */ = {isa = PBXFileReference; lastKnownFileType = sourcecode.swift; path = MagicGlove.swift; sourceTree = "<group>"; };
		847CDBFD218BE74900686767 /* RPG */ = {isa = PBXFileReference; explicitFileType = "compiled.mach-o.executable"; includeInIndex = 0; path = RPG; sourceTree = BUILT_PRODUCTS_DIR; };
		847CDC00218BE74900686767 /* main.swift */ = {isa = PBXFileReference; lastKnownFileType = sourcecode.swift; path = main.swift; sourceTree = "<group>"; };
		84EA5A4B219AED8F002474B1 /* Weapons.swift */ = {isa = PBXFileReference; lastKnownFileType = sourcecode.swift; path = Weapons.swift; sourceTree = "<group>"; };
		84EA5A4F219B45DB002474B1 /* Game.swift */ = {isa = PBXFileReference; lastKnownFileType = sourcecode.swift; path = Game.swift; sourceTree = "<group>"; };
/* End PBXFileReference section */

/* Begin PBXFrameworksBuildPhase section */
		847CDBFA218BE74900686767 /* Frameworks */ = {
			isa = PBXFrameworksBuildPhase;
			buildActionMask = 2147483647;
			files = (
			);
			runOnlyForDeploymentPostprocessing = 0;
		};
/* End PBXFrameworksBuildPhase section */

/* Begin PBXGroup section */
		84677D6321E1AA51006ED7FE /* Weapons */ = {
			isa = PBXGroup;
			children = (
				84EA5A4B219AED8F002474B1 /* Weapons.swift */,
				8412C99321B700A900E3C8A3 /* BasicSword.swift */,
				846B262C21C9374C0012B3F5 /* Greatsword.swift */,
				846B262E21C9381A0012B3F5 /* SuperSword.swift */,
				846B262621BF728A0012B3F5 /* BasicCrystalBall.swift */,
				846B263021C938840012B3F5 /* GreatCrystalBall.swift */,
				846B263221C938B60012B3F5 /* SuperCrystalBall.swift */,
				846B262821BF736D0012B3F5 /* BasicShield.swift */,
				846B263421C939230012B3F5 /* GreatShield.swift */,
				846B263621C9394E0012B3F5 /* SuperShield.swift */,
				846B262A21BF73B70012B3F5 /* BasicHammer.swift */,
				846B263821C939C30012B3F5 /* GreatHammer.swift */,
				846B263A21C939FA0012B3F5 /* SuperHammer.swift */,
				846B263C21C93AD40012B3F5 /* MagicWand.swift */,
				846B263E21C94A060012B3F5 /* MagicGlove.swift */,
			);
			path = Weapons;
			sourceTree = "<group>";
		};
		84677D6521E1AAFB006ED7FE /* Characters */ = {
			isa = PBXGroup;
			children = (
				843DAB9B219AAAC80019F5F0 /* Character.swift */,
				843DAB8F219AA97C0019F5F0 /* Warrior.swift */,
				843DAB99219AAA870019F5F0 /* Mage.swift */,
				843DAB93219AA9B80019F5F0 /* Tank.swift */,
				843DAB95219AA9CB0019F5F0 /* Dwarf.swift */,
			);
			name = Characters;
			path = "New Group";
			sourceTree = "<group>";
		};
		847CDBF4218BE74900686767 = {
			isa = PBXGroup;
			children = (
				847CDBFF218BE74900686767 /* RPG */,
				847CDBFE218BE74900686767 /* Products */,
			);
			sourceTree = "<group>";
		};
		847CDBFE218BE74900686767 /* Products */ = {
			isa = PBXGroup;
			children = (
				847CDBFD218BE74900686767 /* RPG */,
			);
			name = Products;
			sourceTree = "<group>";
		};
		847CDBFF218BE74900686767 /* RPG */ = {
			isa = PBXGroup;
			children = (
				842D292E21A056A900A2B4CD /* Player.swift */,
				843DAB97219AA9E20019F5F0 /* NameManager.swift */,
				8412C99121B6FC2700E3C8A3 /* Chest.swift */,
				847CDC00218BE74900686767 /* main.swift */,
				84EA5A4F219B45DB002474B1 /* Game.swift */,
				84677D6321E1AA51006ED7FE /* Weapons */,
				84677D6521E1AAFB006ED7FE /* Characters */,
			);
			path = RPG;
			sourceTree = "<group>";
		};
/* End PBXGroup section */

/* Begin PBXNativeTarget section */
		847CDBFC218BE74900686767 /* RPG */ = {
			isa = PBXNativeTarget;
			buildConfigurationList = 847CDC04218BE74900686767 /* Build configuration list for PBXNativeTarget "RPG" */;
			buildPhases = (
				847CDBF9218BE74900686767 /* Sources */,
				847CDBFA218BE74900686767 /* Frameworks */,
				847CDBFB218BE74900686767 /* CopyFiles */,
			);
			buildRules = (
			);
			dependencies = (
			);
			name = RPG;
			productName = RPG;
			productReference = 847CDBFD218BE74900686767 /* RPG */;
			productType = "com.apple.product-type.tool";
		};
/* End PBXNativeTarget section */

/* Begin PBXProject section */
		847CDBF5218BE74900686767 /* Project object */ = {
			isa = PBXProject;
			attributes = {
				LastSwiftUpdateCheck = 1000;
				LastUpgradeCheck = 1000;
				ORGANIZATIONNAME = Jotaro;
				TargetAttributes = {
					847CDBFC218BE74900686767 = {
						CreatedOnToolsVersion = 10.0;
					};
				};
			};
			buildConfigurationList = 847CDBF8218BE74900686767 /* Build configuration list for PBXProject "RPG" */;
			compatibilityVersion = "Xcode 9.3";
			developmentRegion = en;
			hasScannedForEncodings = 0;
			knownRegions = (
				en,
			);
			mainGroup = 847CDBF4218BE74900686767;
			productRefGroup = 847CDBFE218BE74900686767 /* Products */;
			projectDirPath = "";
			projectRoot = "";
			targets = (
				847CDBFC218BE74900686767 /* RPG */,
			);
		};
/* End PBXProject section */

/* Begin PBXSourcesBuildPhase section */
		847CDBF9218BE74900686767 /* Sources */ = {
			isa = PBXSourcesBuildPhase;
			buildActionMask = 2147483647;
			files = (
				8412C99221B6FC2700E3C8A3 /* Chest.swift in Sources */,
				84EA5A4C219AED8F002474B1 /* Weapons.swift in Sources */,
				846B262721BF728A0012B3F5 /* BasicCrystalBall.swift in Sources */,
				84EA5A50219B45DB002474B1 /* Game.swift in Sources */,
				847CDC01218BE74900686767 /* main.swift in Sources */,
				846B263121C938840012B3F5 /* GreatCrystalBall.swift in Sources */,
				842D292F21A056A900A2B4CD /* Player.swift in Sources */,
				843DAB90219AA97C0019F5F0 /* Warrior.swift in Sources */,
				846B262F21C9381A0012B3F5 /* SuperSword.swift in Sources */,
				846B263F21C94A060012B3F5 /* MagicGlove.swift in Sources */,
				846B263721C9394E0012B3F5 /* SuperShield.swift in Sources */,
				8412C99421B700A900E3C8A3 /* BasicSword.swift in Sources */,
				843DAB9A219AAA870019F5F0 /* Mage.swift in Sources */,
				843DAB9C219AAAC80019F5F0 /* Character.swift in Sources */,
				846B263D21C93AD40012B3F5 /* MagicWand.swift in Sources */,
				846B263521C939230012B3F5 /* GreatShield.swift in Sources */,
				846B263321C938B60012B3F5 /* SuperCrystalBall.swift in Sources */,
				843DAB98219AA9E20019F5F0 /* NameManager.swift in Sources */,
				843DAB94219AA9B80019F5F0 /* Tank.swift in Sources */,
				846B262B21BF73B70012B3F5 /* BasicHammer.swift in Sources */,
				846B263B21C939FA0012B3F5 /* SuperHammer.swift in Sources */,
				846B262D21C9374C0012B3F5 /* Greatsword.swift in Sources */,
				846B263921C939C30012B3F5 /* GreatHammer.swift in Sources */,
				843DAB96219AA9CB0019F5F0 /* Dwarf.swift in Sources */,
				846B262921BF736D0012B3F5 /* BasicShield.swift in Sources */,
			);
			runOnlyForDeploymentPostprocessing = 0;
		};
/* End PBXSourcesBuildPhase section */

/* Begin XCBuildConfiguration section */
		847CDC02218BE74900686767 /* Debug */ = {
			isa = XCBuildConfiguration;
			buildSettings = {
				ALWAYS_SEARCH_USER_PATHS = NO;
				CLANG_ANALYZER_NONNULL = YES;
				CLANG_ANALYZER_NUMBER_OBJECT_CONVERSION = YES_AGGRESSIVE;
				CLANG_CXX_LANGUAGE_STANDARD = "gnu++14";
				CLANG_CXX_LIBRARY = "libc++";
				CLANG_ENABLE_MODULES = YES;
				CLANG_ENABLE_OBJC_ARC = YES;
				CLANG_ENABLE_OBJC_WEAK = YES;
				CLANG_WARN_BLOCK_CAPTURE_AUTORELEASING = YES;
				CLANG_WARN_BOOL_CONVERSION = YES;
				CLANG_WARN_COMMA = YES;
				CLANG_WARN_CONSTANT_CONVERSION = YES;
				CLANG_WARN_DEPRECATED_OBJC_IMPLEMENTATIONS = YES;
				CLANG_WARN_DIRECT_OBJC_ISA_USAGE = YES_ERROR;
				CLANG_WARN_DOCUMENTATION_COMMENTS = YES;
				CLANG_WARN_EMPTY_BODY = YES;
				CLANG_WARN_ENUM_CONVERSION = YES;
				CLANG_WARN_INFINITE_RECURSION = YES;
				CLANG_WARN_INT_CONVERSION = YES;
				CLANG_WARN_NON_LITERAL_NULL_CONVERSION = YES;
				CLANG_WARN_OBJC_IMPLICIT_RETAIN_SELF = YES;
				CLANG_WARN_OBJC_LITERAL_CONVERSION = YES;
				CLANG_WARN_OBJC_ROOT_CLASS = YES_ERROR;
				CLANG_WARN_RANGE_LOOP_ANALYSIS = YES;
				CLANG_WARN_STRICT_PROTOTYPES = YES;
				CLANG_WARN_SUSPICIOUS_MOVE = YES;
				CLANG_WARN_UNGUARDED_AVAILABILITY = YES_AGGRESSIVE;
				CLANG_WARN_UNREACHABLE_CODE = YES;
				CLANG_WARN__DUPLICATE_METHOD_MATCH = YES;
				CODE_SIGN_IDENTITY = "-";
				COPY_PHASE_STRIP = NO;
				DEBUG_INFORMATION_FORMAT = dwarf;
				ENABLE_STRICT_OBJC_MSGSEND = YES;
				ENABLE_TESTABILITY = YES;
				GCC_C_LANGUAGE_STANDARD = gnu11;
				GCC_DYNAMIC_NO_PIC = NO;
				GCC_NO_COMMON_BLOCKS = YES;
				GCC_OPTIMIZATION_LEVEL = 0;
				GCC_PREPROCESSOR_DEFINITIONS = (
					"DEBUG=1",
					"$(inherited)",
				);
				GCC_WARN_64_TO_32_BIT_CONVERSION = YES;
				GCC_WARN_ABOUT_RETURN_TYPE = YES_ERROR;
				GCC_WARN_UNDECLARED_SELECTOR = YES;
				GCC_WARN_UNINITIALIZED_AUTOS = YES_AGGRESSIVE;
				GCC_WARN_UNUSED_FUNCTION = YES;
				GCC_WARN_UNUSED_VARIABLE = YES;
				MACOSX_DEPLOYMENT_TARGET = 10.13;
				MTL_ENABLE_DEBUG_INFO = INCLUDE_SOURCE;
				MTL_FAST_MATH = YES;
				ONLY_ACTIVE_ARCH = YES;
				SDKROOT = macosx;
				SWIFT_ACTIVE_COMPILATION_CONDITIONS = DEBUG;
				SWIFT_OPTIMIZATION_LEVEL = "-Onone";
			};
			name = Debug;
		};
		847CDC03218BE74900686767 /* Release */ = {
			isa = XCBuildConfiguration;
			buildSettings = {
				ALWAYS_SEARCH_USER_PATHS = NO;
				CLANG_ANALYZER_NONNULL = YES;
				CLANG_ANALYZER_NUMBER_OBJECT_CONVERSION = YES_AGGRESSIVE;
				CLANG_CXX_LANGUAGE_STANDARD = "gnu++14";
				CLANG_CXX_LIBRARY = "libc++";
				CLANG_ENABLE_MODULES = YES;
				CLANG_ENABLE_OBJC_ARC = YES;
				CLANG_ENABLE_OBJC_WEAK = YES;
				CLANG_WARN_BLOCK_CAPTURE_AUTORELEASING = YES;
				CLANG_WARN_BOOL_CONVERSION = YES;
				CLANG_WARN_COMMA = YES;
				CLANG_WARN_CONSTANT_CONVERSION = YES;
				CLANG_WARN_DEPRECATED_OBJC_IMPLEMENTATIONS = YES;
				CLANG_WARN_DIRECT_OBJC_ISA_USAGE = YES_ERROR;
				CLANG_WARN_DOCUMENTATION_COMMENTS = YES;
				CLANG_WARN_EMPTY_BODY = YES;
				CLANG_WARN_ENUM_CONVERSION = YES;
				CLANG_WARN_INFINITE_RECURSION = YES;
				CLANG_WARN_INT_CONVERSION = YES;
				CLANG_WARN_NON_LITERAL_NULL_CONVERSION = YES;
				CLANG_WARN_OBJC_IMPLICIT_RETAIN_SELF = YES;
				CLANG_WARN_OBJC_LITERAL_CONVERSION = YES;
				CLANG_WARN_OBJC_ROOT_CLASS = YES_ERROR;
				CLANG_WARN_RANGE_LOOP_ANALYSIS = YES;
				CLANG_WARN_STRICT_PROTOTYPES = YES;
				CLANG_WARN_SUSPICIOUS_MOVE = YES;
				CLANG_WARN_UNGUARDED_AVAILABILITY = YES_AGGRESSIVE;
				CLANG_WARN_UNREACHABLE_CODE = YES;
				CLANG_WARN__DUPLICATE_METHOD_MATCH = YES;
				CODE_SIGN_IDENTITY = "-";
				COPY_PHASE_STRIP = NO;
				DEBUG_INFORMATION_FORMAT = "dwarf-with-dsym";
				ENABLE_NS_ASSERTIONS = NO;
				ENABLE_STRICT_OBJC_MSGSEND = YES;
				GCC_C_LANGUAGE_STANDARD = gnu11;
				GCC_NO_COMMON_BLOCKS = YES;
				GCC_WARN_64_TO_32_BIT_CONVERSION = YES;
				GCC_WARN_ABOUT_RETURN_TYPE = YES_ERROR;
				GCC_WARN_UNDECLARED_SELECTOR = YES;
				GCC_WARN_UNINITIALIZED_AUTOS = YES_AGGRESSIVE;
				GCC_WARN_UNUSED_FUNCTION = YES;
				GCC_WARN_UNUSED_VARIABLE = YES;
				MACOSX_DEPLOYMENT_TARGET = 10.13;
				MTL_ENABLE_DEBUG_INFO = NO;
				MTL_FAST_MATH = YES;
				SDKROOT = macosx;
				SWIFT_COMPILATION_MODE = wholemodule;
				SWIFT_OPTIMIZATION_LEVEL = "-O";
			};
			name = Release;
		};
		847CDC05218BE74900686767 /* Debug */ = {
			isa = XCBuildConfiguration;
			buildSettings = {
				CODE_SIGN_STYLE = Automatic;
				PRODUCT_NAME = "$(TARGET_NAME)";
				SWIFT_VERSION = 4.2;
			};
			name = Debug;
		};
		847CDC06218BE74900686767 /* Release */ = {
			isa = XCBuildConfiguration;
			buildSettings = {
				CODE_SIGN_STYLE = Automatic;
				PRODUCT_NAME = "$(TARGET_NAME)";
				SWIFT_VERSION = 4.2;
			};
			name = Release;
		};
/* End XCBuildConfiguration section */

/* Begin XCConfigurationList section */
		847CDBF8218BE74900686767 /* Build configuration list for PBXProject "RPG" */ = {
			isa = XCConfigurationList;
			buildConfigurations = (
				847CDC02218BE74900686767 /* Debug */,
				847CDC03218BE74900686767 /* Release */,
			);
			defaultConfigurationIsVisible = 0;
			defaultConfigurationName = Release;
		};
		847CDC04218BE74900686767 /* Build configuration list for PBXNativeTarget "RPG" */ = {
			isa = XCConfigurationList;
			buildConfigurations = (
				847CDC05218BE74900686767 /* Debug */,
				847CDC06218BE74900686767 /* Release */,
			);
			defaultConfigurationIsVisible = 0;
			defaultConfigurationName = Release;
		};
/* End XCConfigurationList section */
	};
	rootObject = 847CDBF5218BE74900686767 /* Project object */;
}
